# THIS IS AN AUTOGENERATED FILE. DO NOT EDIT THIS FILE DIRECTLY.
# yarn lockfile v1


ip@^1.1.5:
  version "1.1.5"
  resolved "https://registry.yarnpkg.com/ip/-/ip-1.1.5.tgz#bdded70114290828c0a039e72ef25f5aaec4354a"
  integrity sha1-vd7XARQpCCjAoDnnLvJfWq7ENUo=

node-arp@^1.0.6:
  version "1.0.6"
  resolved "https://registry.yarnpkg.com/node-arp/-/node-arp-1.0.6.tgz#8ab4f6fff1c57e147a20a32a1e39e577aeb45898"
  integrity sha512-miX3CXZv1CvsWeAeoB66GVbn8X0WEbcZTmpZBnIzK4t02YF7+JDeFxYWFcqcDDaM2d/vzUFTx4zxr+G1NBRmGQ==

ping@^0.2.3:
  version "0.2.3"
  resolved "https://registry.yarnpkg.com/ping/-/ping-0.2.3.tgz#352f6a6e3343b69a424f4f52f86c66c7d88e884d"
  integrity sha512-UiwPl9kpzYIE0iz+EUSjISoVCyg44YckaT3BQ60j4xYuRrxGKH4w3ICSyw6xe3va2zgzD9T0yB8h220PM0Elhg==
  dependencies:
    q "1.x"
    underscore "^1.8.3"

q@1.x:
  version "1.5.1"
  resolved "https://registry.yarnpkg.com/q/-/q-1.5.1.tgz#7e32f75b41381291d04611f1bf14109ac00651d7"
  integrity sha1-fjL3W0E4EpHQRhHxvxQQmsAGUdc=

underscore@^1.8.3:
  version "1.11.0"
  resolved "https://registry.yarnpkg.com/underscore/-/underscore-1.11.0.tgz#dd7c23a195db34267186044649870ff1bab5929e"
  integrity sha512-xY96SsN3NA461qIRKZ/+qox37YXPtSBswMGfiNptr+wrt6ds4HaMw23TP612fEyGekRE6LNRiLYr/aqbHXNedw==
